<?xml version="1.0" encoding="utf-8"?>
<Project ToolsVersion="4.0" xmlns="http://schemas.microsoft.com/developer/msbuild/2003">
  <ItemGroup>
    <Filter Include="소스 파일">
      <UniqueIdentifier>{4FC737F1-C7A5-4376-A066-2A32D752A2FF}</UniqueIdentifier>
      <Extensions>cpp;c;cc;cxx;def;odl;idl;hpj;bat;asm;asmx</Extensions>
    </Filter>
    <Filter Include="헤더 파일">
      <UniqueIdentifier>{93995380-89BD-4b04-88EB-625FBE52EBFB}</UniqueIdentifier>
      <Extensions>h;hpp;hxx;hm;inl;inc;xsd</Extensions>
    </Filter>
    <Filter Include="리소스 파일">
      <UniqueIdentifier>{67DA6AB6-F800-4c08-8B7A-83BB121AAD01}</UniqueIdentifier>
      <Extensions>rc;ico;cur;bmp;dlg;rc2;rct;bin;rgs;gif;jpg;jpeg;jpe;resx;tiff;tif;png;wav;mfcribbon-ms</Extensions>
    </Filter>
    <Filter Include="99.MainGame">
      <UniqueIdentifier>{f33b9d34-7a6b-4dd9-a656-9878ed16cb53}</UniqueIdentifier>
    </Filter>
    <Filter Include="98.Headers">
      <UniqueIdentifier>{b82124a5-a820-4ce0-bbb7-3ec8ac7dc42c}</UniqueIdentifier>
    </Filter>
    <Filter Include="03.Manager">
      <UniqueIdentifier>{532d8894-1538-4514-8610-f4e98256c36d}</UniqueIdentifier>
    </Filter>
    <Filter Include="03.Manager\DeviceMgr">
      <UniqueIdentifier>{46941359-ce9e-4dcf-92f3-279e3669773e}</UniqueIdentifier>
    </Filter>
    <Filter Include="03.Manager\ObjMgr">
      <UniqueIdentifier>{3702823b-3114-4277-85d4-2e7fb4950a76}</UniqueIdentifier>
    </Filter>
    <Filter Include="03.Manager\SceneMgr">
      <UniqueIdentifier>{01493c92-0988-443c-8c1a-d954f1cb3a18}</UniqueIdentifier>
    </Filter>
    <Filter Include="97.DeignPattern">
      <UniqueIdentifier>{bb12fe46-6ddf-49e2-ac26-f84a70d62893}</UniqueIdentifier>
    </Filter>
    <Filter Include="97.DeignPattern\Factory">
      <UniqueIdentifier>{6b24fbe2-02d2-40b8-809f-8f7e156723c5}</UniqueIdentifier>
    </Filter>
    <Filter Include="97.DeignPattern\Prototype">
      <UniqueIdentifier>{bfea3701-978e-42fa-92ec-f46c4e26adbe}</UniqueIdentifier>
    </Filter>
    <Filter Include="97.DeignPattern\Prototype\Object">
      <UniqueIdentifier>{f3818740-03df-40f9-86b6-ef493d125c7a}</UniqueIdentifier>
    </Filter>
    <Filter Include="97.DeignPattern\Prototype\Object\Logo">
      <UniqueIdentifier>{eb5e21fd-6cf4-420d-8363-610b7b60a6e3}</UniqueIdentifier>
    </Filter>
    <Filter Include="97.DeignPattern\Prototype\Object\Stage">
      <UniqueIdentifier>{e907da01-08aa-4062-859c-07fb75693136}</UniqueIdentifier>
    </Filter>
    <Filter Include="02.Object">
      <UniqueIdentifier>{aaa142c2-ccc2-427d-8049-1fdc02addb9e}</UniqueIdentifier>
    </Filter>
    <Filter Include="02.Object\Logo">
      <UniqueIdentifier>{fd1c8429-e0b8-4ecd-885d-ff3253083b6c}</UniqueIdentifier>
    </Filter>
    <Filter Include="02.Object\Stage">
      <UniqueIdentifier>{90d76e91-2d84-443c-abcf-26efac1b4492}</UniqueIdentifier>
    </Filter>
    <Filter Include="01.Scene">
      <UniqueIdentifier>{a7914a40-57d5-4b0d-af9b-d4ef59bd292d}</UniqueIdentifier>
    </Filter>
    <Filter Include="01.Scene\Logo">
      <UniqueIdentifier>{edb045ac-e361-4dd6-b3b0-6125fc638b92}</UniqueIdentifier>
    </Filter>
    <Filter Include="01.Scene\Stage">
      <UniqueIdentifier>{48b0e9a4-7982-47ef-8597-02b5946a1f33}</UniqueIdentifier>
    </Filter>
  </ItemGroup>
  <ItemGroup>
    <None Include="ReadMe.txt" />
    <None Include="small.ico">
      <Filter>리소스 파일</Filter>
    </None>
    <None Include="Client.ico">
      <Filter>리소스 파일</Filter>
    </None>
  </ItemGroup>
  <ItemGroup>
    <ClInclude Include="stdafx.h">
      <Filter>헤더 파일</Filter>
    </ClInclude>
    <ClInclude Include="targetver.h">
      <Filter>헤더 파일</Filter>
    </ClInclude>
    <ClInclude Include="Resource.h">
      <Filter>헤더 파일</Filter>
    </ClInclude>
    <ClInclude Include="Client.h">
      <Filter>헤더 파일</Filter>
    </ClInclude>
    <ClInclude Include="MainGame.h">
      <Filter>99.MainGame</Filter>
    </ClInclude>
    <ClInclude Include="Include.h">
      <Filter>98.Headers</Filter>
    </ClInclude>
    <ClInclude Include="Device.h">
      <Filter>03.Manager\DeviceMgr</Filter>
    </ClInclude>
    <ClInclude Include="Factory.h">
      <Filter>97.DeignPattern\Factory</Filter>
    </ClInclude>
    <ClInclude Include="Prototype.h">
      <Filter>97.DeignPattern\Prototype</Filter>
    </ClInclude>
    <ClInclude Include="ObjProto.h">
      <Filter>97.DeignPattern\Prototype\Object</Filter>
    </ClInclude>
    <ClInclude Include="LogoObjProto.h">
      <Filter>97.DeignPattern\Prototype\Object\Logo</Filter>
    </ClInclude>
    <ClInclude Include="Obj.h">
      <Filter>02.Object</Filter>
    </ClInclude>
    <ClInclude Include="SceneObj.h">
      <Filter>01.Scene</Filter>
    </ClInclude>
    <ClInclude Include="Logo.h">
      <Filter>01.Scene\Logo</Filter>
    </ClInclude>
    <ClInclude Include="Stage.h">
      <Filter>01.Scene\Stage</Filter>
    </ClInclude>
    <ClInclude Include="SceneMgr.h">
      <Filter>03.Manager\SceneMgr</Filter>
    </ClInclude>
    <ClInclude Include="ObjMgr.h">
      <Filter>03.Manager\ObjMgr</Filter>
    </ClInclude>
  </ItemGroup>
  <ItemGroup>
    <ClCompile Include="stdafx.cpp">
      <Filter>소스 파일</Filter>
    </ClCompile>
    <ClCompile Include="Client.cpp">
      <Filter>소스 파일</Filter>
    </ClCompile>
    <ClCompile Include="MainGame.cpp">
      <Filter>99.MainGame</Filter>
    </ClCompile>
    <ClCompile Include="Device.cpp">
      <Filter>03.Manager\DeviceMgr</Filter>
    </ClCompile>
    <ClCompile Include="Prototype.cpp">
      <Filter>97.DeignPattern\Prototype</Filter>
    </ClCompile>
    <ClCompile Include="ObjProto.cpp">
      <Filter>97.DeignPattern\Prototype\Object</Filter>
    </ClCompile>
    <ClCompile Include="LogoObjProto.cpp">
      <Filter>97.DeignPattern\Prototype\Object\Logo</Filter>
    </ClCompile>
    <ClCompile Include="Obj.cpp">
      <Filter>02.Object</Filter>
    </ClCompile>
    <ClCompile Include="SceneObj.cpp">
      <Filter>01.Scene</Filter>
    </ClCompile>
    <ClCompile Include="Logo.cpp">
      <Filter>01.Scene\Logo</Filter>
    </ClCompile>
    <ClCompile Include="Stage.cpp">
      <Filter>01.Scene\Stage</Filter>
    </ClCompile>
    <ClCompile Include="SceneMgr.cpp">
      <Filter>03.Manager\SceneMgr</Filter>
    </ClCompile>
    <ClCompile Include="ObjMgr.cpp">
      <Filter>03.Manager\ObjMgr</Filter>
    </ClCompile>
  </ItemGroup>
  <ItemGroup>
    <ResourceCompile Include="Client.rc">
      <Filter>리소스 파일</Filter>
    </ResourceCompile>
  </ItemGroup>
</Project>